// !$*UTF8*$!
{
	archiveVersion = 1;
	classes = {
	};
	objectVersion = 77;
	objects = {

/* Begin PBXBuildFile section */
		064C1F3E6E35C19A5E2C00E1 /* ProblemRow.swift in Sources */ = {isa = PBXBuildFile; fileRef = 2D434481112E5721429B779C /* ProblemRow.swift */; };
		068FD13D19755E83D10522A5 /* ReportParser.swift in Sources */ = {isa = PBXBuildFile; fileRef = 2FD9CAFC5FDFC30C090448DB /* ReportParser.swift */; };
		0C8D83DE849DD0AB7DCF96BB /* Assets.xcassets in Resources */ = {isa = PBXBuildFile; fileRef = 3D3C10E067E405841257F450 /* Assets.xcassets */; };
		402CE61A959237FD1FEF7979 /* SearchScreen.swift in Sources */ = {isa = PBXBuildFile; fileRef = ED1725A2D1AAF99FDB614486 /* SearchScreen.swift */; };
		403E8E3E30BAEA5A65702816 /* Theme.swift in Sources */ = {isa = PBXBuildFile; fileRef = 71B9F8AE53006B5AB1305485 /* Theme.swift */; };
		594DD36FA2B7D3574186039D /* HistoryScreen.swift in Sources */ = {isa = PBXBuildFile; fileRef = 3CC4AE6F6D15F94998DECEB6 /* HistoryScreen.swift */; };
		5AAAB695775CAD0E15CEDBB8 /* InterviewRoomScreen.swift in Sources */ = {isa = PBXBuildFile; fileRef = 38F59886D7AEF7237C304976 /* InterviewRoomScreen.swift */; };
		6CA466F2447E2738819810F3 /* ProblemListsScreen.swift in Sources */ = {isa = PBXBuildFile; fileRef = 7915BE0CA7D32EB273C87077 /* ProblemListsScreen.swift */; };
		85B471C3A6EC85501A2971D4 /* DashboardScreen.swift in Sources */ = {isa = PBXBuildFile; fileRef = 27E63F0CBAF49B4757AE8A07 /* DashboardScreen.swift */; };
		86FE12C5CD886E15331CD342 /* API.swift in Sources */ = {isa = PBXBuildFile; fileRef = 84CE37538435BE7C26E17965 /* API.swift */; };
		8812EB08F09FFBAACEBE5A61 /* AIInfraLabApp.swift in Sources */ = {isa = PBXBuildFile; fileRef = 74B4EB8A1E7FD654918827F2 /* AIInfraLabApp.swift */; };
		8B46F4DC161176AEBFAB1CA7 /* ProblemsScreen.swift in Sources */ = {isa = PBXBuildFile; fileRef = 19CAA73B0B20EF9A92012008 /* ProblemsScreen.swift */; };
		9FB45D3F4CB3306E1194C6BA /* TRPCClient.swift in Sources */ = {isa = PBXBuildFile; fileRef = AE6EAF2B6BD030D17CEA0224 /* TRPCClient.swift */; };
		AC6E33699ADF23E94B9E3964 /* Models.swift in Sources */ = {isa = PBXBuildFile; fileRef = 45E6516919FAB7710652E92B /* Models.swift */; };
		AF80A406C03064111E5A4606 /* JudgeScreen.swift in Sources */ = {isa = PBXBuildFile; fileRef = 2A7816CE6B42DFE73397B9D9 /* JudgeScreen.swift */; };
		B0F05AAD45C8CDCC664E00AD /* ReportScreen.swift in Sources */ = {isa = PBXBuildFile; fileRef = 4B471EA734186EAD361F9A11 /* ReportScreen.swift */; };
		B3C83A91B4A39DE029FC7845 /* MarkdownView.swift in Sources */ = {isa = PBXBuildFile; fileRef = AAC5A609E53328C33D300565 /* MarkdownView.swift */; };
		B4C13F63B899F1E153E5032A /* MessageBubble.swift in Sources */ = {isa = PBXBuildFile; fileRef = 6EDEEB4DC96309588C18C87D /* MessageBubble.swift */; };
		C27CD684AAD85B4D64AB4F62 /* InAppBrowser.swift in Sources */ = {isa = PBXBuildFile; fileRef = 039BA34E48D942D87D781057 /* InAppBrowser.swift */; };
		C87FE15894B744C9E1DB38DB /* LoginScreen.swift in Sources */ = {isa = PBXBuildFile; fileRef = 506EE59A71AD118B9DB8B2A8 /* LoginScreen.swift */; };
		CC0F1E40D72C235B80ADA884 /* BankScreen.swift in Sources */ = {isa = PBXBuildFile; fileRef = 132AC4C00F92A3B1B7897A0E /* BankScreen.swift */; };
		D1C7F14DDE674BE28381C213 /* Support.swift in Sources */ = {isa = PBXBuildFile; fileRef = 680E640354A3C6434011409F /* Support.swift */; };
		D1FE174D667DE04FC5A1CF98 /* Config.swift in Sources */ = {isa = PBXBuildFile; fileRef = 5548031D816C7984A4A4389E /* Config.swift */; };
		D744EECB24197AE7DDC40C31 /* RootView.swift in Sources */ = {isa = PBXBuildFile; fileRef = 5D283F2B6DDE226EF3C6AFD1 /* RootView.swift */; };
		DFCC9ACFCB9973A814A6DE5A /* QuestionFormSheet.swift in Sources */ = {isa = PBXBuildFile; fileRef = CBFF8035CA06FCAD4110C394 /* QuestionFormSheet.swift */; };
		E9D7D517A97D87129945DAEE /* LearnScreen.swift in Sources */ = {isa = PBXBuildFile; fileRef = FAB3CA068D151F46B78045B3 /* LearnScreen.swift */; };
		EAA4D392BF3678EF35618E63 /* Components.swift in Sources */ = {isa = PBXBuildFile; fileRef = 65F6959899194E50AD9787E7 /* Components.swift */; };
		ECF1F342F24F58317B75CF2A /* SessionStore.swift in Sources */ = {isa = PBXBuildFile; fileRef = 1F2CB79C44CEA8EDCAC48FE4 /* SessionStore.swift */; };
		ED61AA9356165E46F34B8248 /* StartScreen.swift in Sources */ = {isa = PBXBuildFile; fileRef = 2A83A920779E37E7E4A357AB /* StartScreen.swift */; };
		F3BBB02AA51AE93C3561A0FC /* ContestScreens.swift in Sources */ = {isa = PBXBuildFile; fileRef = 3EF13948D425A3A8FF00736F /* ContestScreens.swift */; };
/* End PBXBuildFile section */

/* Begin PBXFileReference section */
		039BA34E48D942D87D781057 /* InAppBrowser.swift */ = {isa = PBXFileReference; lastKnownFileType = sourcecode.swift; path = InAppBrowser.swift; sourceTree = "<group>"; };
		0F57F83A1F50F8FEBE4A7DA7 /* AIInfraLab.app */ = {isa = PBXFileReference; includeInIndex = 0; lastKnownFileType = wrapper.application; path = AIInfraLab.app; sourceTree = BUILT_PRODUCTS_DIR; };
		132AC4C00F92A3B1B7897A0E /* BankScreen.swift */ = {isa = PBXFileReference; lastKnownFileType = sourcecode.swift; path = BankScreen.swift; sourceTree = "<group>"; };
		19CAA73B0B20EF9A92012008 /* ProblemsScreen.swift */ = {isa = PBXFileReference; lastKnownFileType = sourcecode.swift; path = ProblemsScreen.swift; sourceTree = "<group>"; };
		1F2CB79C44CEA8EDCAC48FE4 /* SessionStore.swift */ = {isa = PBXFileReference; lastKnownFileType = sourcecode.swift; path = SessionStore.swift; sourceTree = "<group>"; };
		27E63F0CBAF49B4757AE8A07 /* DashboardScreen.swift */ = {isa = PBXFileReference; lastKnownFileType = sourcecode.swift; path = DashboardScreen.swift; sourceTree = "<group>"; };
		2A7816CE6B42DFE73397B9D9 /* JudgeScreen.swift */ = {isa = PBXFileReference; lastKnownFileType = sourcecode.swift; path = JudgeScreen.swift; sourceTree = "<group>"; };
		2A83A920779E37E7E4A357AB /* StartScreen.swift */ = {isa = PBXFileReference; lastKnownFileType = sourcecode.swift; path = StartScreen.swift; sourceTree = "<group>"; };
		2D434481112E5721429B779C /* ProblemRow.swift */ = {isa = PBXFileReference; lastKnownFileType = sourcecode.swift; path = ProblemRow.swift; sourceTree = "<group>"; };
		2FD9CAFC5FDFC30C090448DB /* ReportParser.swift */ = {isa = PBXFileReference; lastKnownFileType = sourcecode.swift; path = ReportParser.swift; sourceTree = "<group>"; };
		38F59886D7AEF7237C304976 /* InterviewRoomScreen.swift */ = {isa = PBXFileReference; lastKnownFileType = sourcecode.swift; path = InterviewRoomScreen.swift; sourceTree = "<group>"; };
		3CC4AE6F6D15F94998DECEB6 /* HistoryScreen.swift */ = {isa = PBXFileReference; lastKnownFileType = sourcecode.swift; path = HistoryScreen.swift; sourceTree = "<group>"; };
		3D3C10E067E405841257F450 /* Assets.xcassets */ = {isa = PBXFileReference; lastKnownFileType = folder.assetcatalog; path = Assets.xcassets; sourceTree = "<group>"; };
		3EF13948D425A3A8FF00736F /* ContestScreens.swift */ = {isa = PBXFileReference; lastKnownFileType = sourcecode.swift; path = ContestScreens.swift; sourceTree = "<group>"; };
		45E6516919FAB7710652E92B /* Models.swift */ = {isa = PBXFileReference; lastKnownFileType = sourcecode.swift; path = Models.swift; sourceTree = "<group>"; };
		4B471EA734186EAD361F9A11 /* ReportScreen.swift */ = {isa = PBXFileReference; lastKnownFileType = sourcecode.swift; path = ReportScreen.swift; sourceTree = "<group>"; };
		506EE59A71AD118B9DB8B2A8 /* LoginScreen.swift */ = {isa = PBXFileReference; lastKnownFileType = sourcecode.swift; path = LoginScreen.swift; sourceTree = "<group>"; };
		5548031D816C7984A4A4389E /* Config.swift */ = {isa = PBXFileReference; lastKnownFileType = sourcecode.swift; path = Config.swift; sourceTree = "<group>"; };
		5D283F2B6DDE226EF3C6AFD1 /* RootView.swift */ = {isa = PBXFileReference; lastKnownFileType = sourcecode.swift; path = RootView.swift; sourceTree = "<group>"; };
		65F6959899194E50AD9787E7 /* Components.swift */ = {isa = PBXFileReference; lastKnownFileType = sourcecode.swift; path = Components.swift; sourceTree = "<group>"; };
		680E640354A3C6434011409F /* Support.swift */ = {isa = PBXFileReference; lastKnownFileType = sourcecode.swift; path = Support.swift; sourceTree = "<group>"; };
		6EDEEB4DC96309588C18C87D /* MessageBubble.swift */ = {isa = PBXFileReference; lastKnownFileType = sourcecode.swift; path = MessageBubble.swift; sourceTree = "<group>"; };
		71B9F8AE53006B5AB1305485 /* Theme.swift */ = {isa = PBXFileReference; lastKnownFileType = sourcecode.swift; path = Theme.swift; sourceTree = "<group>"; };
		73E1EFAC38F45881071ABFB8 /* Info.plist */ = {isa = PBXFileReference; lastKnownFileType = text.plist; path = Info.plist; sourceTree = "<group>"; };
		74B4EB8A1E7FD654918827F2 /* AIInfraLabApp.swift */ = {isa = PBXFileReference; lastKnownFileType = sourcecode.swift; path = AIInfraLabApp.swift; sourceTree = "<group>"; };
		7915BE0CA7D32EB273C87077 /* ProblemListsScreen.swift */ = {isa = PBXFileReference; lastKnownFileType = sourcecode.swift; path = ProblemListsScreen.swift; sourceTree = "<group>"; };
		84CE37538435BE7C26E17965 /* API.swift */ = {isa = PBXFileReference; lastKnownFileType = sourcecode.swift; path = API.swift; sourceTree = "<group>"; };
		AAC5A609E53328C33D300565 /* MarkdownView.swift */ = {isa = PBXFileReference; lastKnownFileType = sourcecode.swift; path = MarkdownView.swift; sourceTree = "<group>"; };
		AE6EAF2B6BD030D17CEA0224 /* TRPCClient.swift */ = {isa = PBXFileReference; lastKnownFileType = sourcecode.swift; path = TRPCClient.swift; sourceTree = "<group>"; };
		CBFF8035CA06FCAD4110C394 /* QuestionFormSheet.swift */ = {isa = PBXFileReference; lastKnownFileType = sourcecode.swift; path = QuestionFormSheet.swift; sourceTree = "<group>"; };
		ED1725A2D1AAF99FDB614486 /* SearchScreen.swift */ = {isa = PBXFileReference; lastKnownFileType = sourcecode.swift; path = SearchScreen.swift; sourceTree = "<group>"; };
		FAB3CA068D151F46B78045B3 /* LearnScreen.swift */ = {isa = PBXFileReference; lastKnownFileType = sourcecode.swift; path = LearnScreen.swift; sourceTree = "<group>"; };
/* End PBXFileReference section */

/* Begin PBXGroup section */
		0EBEFBDB300E55A32C2CAA1D /* Dashboard */ = {
			isa = PBXGroup;
			children = (
				27E63F0CBAF49B4757AE8A07 /* DashboardScreen.swift */,
			);
			path = Dashboard;
			sourceTree = "<group>";
		};
		2AEABA8759808EE347F8AAE5 /* Auth */ = {
			isa = PBXGroup;
			children = (
				506EE59A71AD118B9DB8B2A8 /* LoginScreen.swift */,
			);
			path = Auth;
			sourceTree = "<group>";
		};
		55C9F5218BA7F2265548F35D /* Interview */ = {
			isa = PBXGroup;
			children = (
				132AC4C00F92A3B1B7897A0E /* BankScreen.swift */,
				3CC4AE6F6D15F94998DECEB6 /* HistoryScreen.swift */,
				38F59886D7AEF7237C304976 /* InterviewRoomScreen.swift */,
				CBFF8035CA06FCAD4110C394 /* QuestionFormSheet.swift */,
				2FD9CAFC5FDFC30C090448DB /* ReportParser.swift */,
				4B471EA734186EAD361F9A11 /* ReportScreen.swift */,
				2A83A920779E37E7E4A357AB /* StartScreen.swift */,
			);
			path = Interview;
			sourceTree = "<group>";
		};
		5E61CAF108C3CB83FD229EA3 /* Core */ = {
			isa = PBXGroup;
			children = (
				84CE37538435BE7C26E17965 /* API.swift */,
				5548031D816C7984A4A4389E /* Config.swift */,
				45E6516919FAB7710652E92B /* Models.swift */,
				680E640354A3C6434011409F /* Support.swift */,
				AE6EAF2B6BD030D17CEA0224 /* TRPCClient.swift */,
			);
			path = Core;
			sourceTree = "<group>";
		};
		65C6E004B6BD7A8C7DF68997 /* Products */ = {
			isa = PBXGroup;
			children = (
				0F57F83A1F50F8FEBE4A7DA7 /* AIInfraLab.app */,
			);
			name = Products;
			sourceTree = "<group>";
		};
		7B00853BD43DD1257AA00425 = {
			isa = PBXGroup;
			children = (
				9E1A297C0571C020EB2F032A /* AIInfraLab */,
				65C6E004B6BD7A8C7DF68997 /* Products */,
			);
			sourceTree = "<group>";
		};
		7C93E676668CAEDE2DBD5AEA /* UI */ = {
			isa = PBXGroup;
			children = (
				65F6959899194E50AD9787E7 /* Components.swift */,
				039BA34E48D942D87D781057 /* InAppBrowser.swift */,
				AAC5A609E53328C33D300565 /* MarkdownView.swift */,
				6EDEEB4DC96309588C18C87D /* MessageBubble.swift */,
				71B9F8AE53006B5AB1305485 /* Theme.swift */,
			);
			path = UI;
			sourceTree = "<group>";
		};
		9288DE33DC57E7B1059D2DCA /* Search */ = {
			isa = PBXGroup;
			children = (
				ED1725A2D1AAF99FDB614486 /* SearchScreen.swift */,
			);
			path = Search;
			sourceTree = "<group>";
		};
		9E1A297C0571C020EB2F032A /* AIInfraLab */ = {
			isa = PBXGroup;
			children = (
				73E1EFAC38F45881071ABFB8 /* Info.plist */,
				B4242089F26211266EF2831B /* App */,
				5E61CAF108C3CB83FD229EA3 /* Core */,
				CC6843ED0C7922E8AD86DC0E /* Features */,
				CCDEC83527964CC5FE0A1517 /* Resources */,
				7C93E676668CAEDE2DBD5AEA /* UI */,
			);
			path = AIInfraLab;
			sourceTree = "<group>";
		};
		B178071F5F8D34DA1F05A58A /* Problems */ = {
			isa = PBXGroup;
			children = (
				3EF13948D425A3A8FF00736F /* ContestScreens.swift */,
				2A7816CE6B42DFE73397B9D9 /* JudgeScreen.swift */,
				7915BE0CA7D32EB273C87077 /* ProblemListsScreen.swift */,
				2D434481112E5721429B779C /* ProblemRow.swift */,
				19CAA73B0B20EF9A92012008 /* ProblemsScreen.swift */,
			);
			path = Problems;
			sourceTree = "<group>";
		};
		B4242089F26211266EF2831B /* App */ = {
			isa = PBXGroup;
			children = (
				74B4EB8A1E7FD654918827F2 /* AIInfraLabApp.swift */,
				5D283F2B6DDE226EF3C6AFD1 /* RootView.swift */,
				1F2CB79C44CEA8EDCAC48FE4 /* SessionStore.swift */,
			);
			path = App;
			sourceTree = "<group>";
		};
		CC6843ED0C7922E8AD86DC0E /* Features */ = {
			isa = PBXGroup;
			children = (
				2AEABA8759808EE347F8AAE5 /* Auth */,
				0EBEFBDB300E55A32C2CAA1D /* Dashboard */,
				55C9F5218BA7F2265548F35D /* Interview */,
				EAA4D395FEC49215F5E6F569 /* Learn */,
				B178071F5F8D34DA1F05A58A /* Problems */,
				9288DE33DC57E7B1059D2DCA /* Search */,
			);
			path = Features;
			sourceTree = "<group>";
		};
		CCDEC83527964CC5FE0A1517 /* Resources */ = {
			isa = PBXGroup;
			children = (
				3D3C10E067E405841257F450 /* Assets.xcassets */,
			);
			path = Resources;
			sourceTree = "<group>";
		};
		EAA4D395FEC49215F5E6F569 /* Learn */ = {
			isa = PBXGroup;
			children = (
				FAB3CA068D151F46B78045B3 /* LearnScreen.swift */,
			);
			path = Learn;
			sourceTree = "<group>";
		};
/* End PBXGroup section */

/* Begin PBXNativeTarget section */
		9E45F564FEC47B484402CF9F /* AIInfraLab */ = {
			isa = PBXNativeTarget;
			buildConfigurationList = 9412A43E60AF3A15F9A21AEA /* Build configuration list for PBXNativeTarget "AIInfraLab" */;
			buildPhases = (
				FFAF70697A5909FE4E571CE3 /* Sources */,
				2450EE58C1C793F2A8CD7EBB /* Resources */,
			);
			buildRules = (
			);
			dependencies = (
			);
			name = AIInfraLab;
			packageProductDependencies = (
			);
			productName = AIInfraLab;
			productReference = 0F57F83A1F50F8FEBE4A7DA7 /* AIInfraLab.app */;
			productType = "com.apple.product-type.application";
		};
/* End PBXNativeTarget section */

/* Begin PBXProject section */
		0026A2A48EF6606943BAE74C /* Project object */ = {
			isa = PBXProject;
			attributes = {
				BuildIndependentTargetsInParallel = YES;
				LastUpgradeCheck = 1430;
				TargetAttributes = {
					9E45F564FEC47B484402CF9F = {
						DevelopmentTeam = 28QRY8BHYD;
						ProvisioningStyle = Automatic;
					};
				};
			};
			buildConfigurationList = 10FE7EF9928D4A7EB3227238 /* Build configuration list for PBXProject "AIInfraLab" */;
			developmentRegion = en;
			hasScannedForEncodings = 0;
			knownRegions = (
				Base,
				en,
			);
			mainGroup = 7B00853BD43DD1257AA00425;
			minimizedProjectReferenceProxies = 1;
			preferredProjectObjectVersion = 77;
			productRefGroup = 65C6E004B6BD7A8C7DF68997 /* Products */;
			projectDirPath = "";
			projectRoot = "";
			targets = (
				9E45F564FEC47B484402CF9F /* AIInfraLab */,
			);
		};
/* End PBXProject section */

/* Begin PBXResourcesBuildPhase section */
		2450EE58C1C793F2A8CD7EBB /* Resources */ = {
			isa = PBXResourcesBuildPhase;
			buildActionMask = 2147483647;
			files = (
				0C8D83DE849DD0AB7DCF96BB /* Assets.xcassets in Resources */,
			);
			runOnlyForDeploymentPostprocessing = 0;
		};
/* End PBXResourcesBuildPhase section */

/* Begin PBXSourcesBuildPhase section */
		FFAF70697A5909FE4E571CE3 /* Sources */ = {
			isa = PBXSourcesBuildPhase;
			buildActionMask = 2147483647;
			files = (
				8812EB08F09FFBAACEBE5A61 /* AIInfraLabApp.swift in Sources */,
				86FE12C5CD886E15331CD342 /* API.swift in Sources */,
				CC0F1E40D72C235B80ADA884 /* BankScreen.swift in Sources */,
				EAA4D392BF3678EF35618E63 /* Components.swift in Sources */,
				D1FE174D667DE04FC5A1CF98 /* Config.swift in Sources */,
				F3BBB02AA51AE93C3561A0FC /* ContestScreens.swift in Sources */,
				85B471C3A6EC85501A2971D4 /* DashboardScreen.swift in Sources */,
				594DD36FA2B7D3574186039D /* HistoryScreen.swift in Sources */,
				C27CD684AAD85B4D64AB4F62 /* InAppBrowser.swift in Sources */,
				5AAAB695775CAD0E15CEDBB8 /* InterviewRoomScreen.swift in Sources */,
				AF80A406C03064111E5A4606 /* JudgeScreen.swift in Sources */,
				E9D7D517A97D87129945DAEE /* LearnScreen.swift in Sources */,
				C87FE15894B744C9E1DB38DB /* LoginScreen.swift in Sources */,
				B3C83A91B4A39DE029FC7845 /* MarkdownView.swift in Sources */,
				B4C13F63B899F1E153E5032A /* MessageBubble.swift in Sources */,
				AC6E33699ADF23E94B9E3964 /* Models.swift in Sources */,
				6CA466F2447E2738819810F3 /* ProblemListsScreen.swift in Sources */,
				064C1F3E6E35C19A5E2C00E1 /* ProblemRow.swift in Sources */,
				8B46F4DC161176AEBFAB1CA7 /* ProblemsScreen.swift in Sources */,
				DFCC9ACFCB9973A814A6DE5A /* QuestionFormSheet.swift in Sources */,
				068FD13D19755E83D10522A5 /* ReportParser.swift in Sources */,
				B0F05AAD45C8CDCC664E00AD /* ReportScreen.swift in Sources */,
				D744EECB24197AE7DDC40C31 /* RootView.swift in Sources */,
				402CE61A959237FD1FEF7979 /* SearchScreen.swift in Sources */,
				ECF1F342F24F58317B75CF2A /* SessionStore.swift in Sources */,
				ED61AA9356165E46F34B8248 /* StartScreen.swift in Sources */,
				D1C7F14DDE674BE28381C213 /* Support.swift in Sources */,
				9FB45D3F4CB3306E1194C6BA /* TRPCClient.swift in Sources */,
				403E8E3E30BAEA5A65702816 /* Theme.swift in Sources */,
			);
			runOnlyForDeploymentPostprocessing = 0;
		};
/* End PBXSourcesBuildPhase section */

/* Begin XCBuildConfiguration section */
		4D25830A5245032CEC235DC3 /* Debug */ = {
			isa = XCBuildConfiguration;
			buildSettings = {
				ASSETCATALOG_COMPILER_APPICON_NAME = AppIcon;
				ASSETCATALOG_COMPILER_GLOBAL_ACCENT_COLOR_NAME = AccentColor;
				CODE_SIGN_IDENTITY = "iPhone Developer";
				INFOPLIST_FILE = AIInfraLab/Info.plist;
				LD_RUNPATH_SEARCH_PATHS = (
					"$(inherited)",
					"@executable_path/Frameworks",
				);
				PRODUCT_BUNDLE_IDENTIFIER = com.ailab.ios;
				SDKROOT = iphoneos;
				TARGETED_DEVICE_FAMILY = "1,2";
			};
			name = Debug;
		};
		5ADABFD95F9696C8858DEE66 /* Debug */ = {
			isa = XCBuildConfiguration;
			buildSettings = {
				ALWAYS_SEARCH_USER_PATHS = NO;
				CLANG_ANALYZER_NONNULL = YES;
				CLANG_ANALYZER_NUMBER_OBJECT_CONVERSION = YES_AGGRESSIVE;
				CLANG_CXX_LANGUAGE_STANDARD = "gnu++14";
				CLANG_CXX_LIBRARY = "libc++";
				CLANG_ENABLE_MODULES = YES;
				CLANG_ENABLE_OBJC_ARC = YES;
				CLANG_ENABLE_OBJC_WEAK = YES;
				CLANG_WARN_BLOCK_CAPTURE_AUTORELEASING = YES;
				CLANG_WARN_BOOL_CONVERSION = YES;
				CLANG_WARN_COMMA = YES;
				CLANG_WARN_CONSTANT_CONVERSION = YES;
				CLANG_WARN_DEPRECATED_OBJC_IMPLEMENTATIONS = YES;
				CLANG_WARN_DIRECT_OBJC_ISA_USAGE = YES_ERROR;
				CLANG_WARN_DOCUMENTATION_COMMENTS = YES;
				CLANG_WARN_EMPTY_BODY = YES;
				CLANG_WARN_ENUM_CONVERSION = YES;
				CLANG_WARN_INFINITE_RECURSION = YES;
				CLANG_WARN_INT_CONVERSION = YES;
				CLANG_WARN_NON_LITERAL_NULL_CONVERSION = YES;
				CLANG_WARN_OBJC_IMPLICIT_RETAIN_SELF = YES;
				CLANG_WARN_OBJC_LITERAL_CONVERSION = YES;
				CLANG_WARN_OBJC_ROOT_CLASS = YES_ERROR;
				CLANG_WARN_QUOTED_INCLUDE_IN_FRAMEWORK_HEADER = YES;
				CLANG_WARN_RANGE_LOOP_ANALYSIS = YES;
				CLANG_WARN_STRICT_PROTOTYPES = YES;
				CLANG_WARN_SUSPICIOUS_MOVE = YES;
				CLANG_WARN_UNGUARDED_AVAILABILITY = YES_AGGRESSIVE;
				CLANG_WARN_UNREACHABLE_CODE = YES;
				CLANG_WARN__DUPLICATE_METHOD_MATCH = YES;
				CODE_SIGN_STYLE = Automatic;
				COPY_PHASE_STRIP = NO;
				DEBUG_INFORMATION_FORMAT = dwarf;
				DEVELOPMENT_TEAM = 28QRY8BHYD;
				ENABLE_STRICT_OBJC_MSGSEND = YES;
				ENABLE_TESTABILITY = YES;
				ENABLE_USER_SCRIPT_SANDBOXING = YES;
				GCC_C_LANGUAGE_STANDARD = gnu11;
				GCC_DYNAMIC_NO_PIC = NO;
				GCC_NO_COMMON_BLOCKS = YES;
				GCC_OPTIMIZATION_LEVEL = 0;
				GCC_PREPROCESSOR_DEFINITIONS = (
					"$(inherited)",
					"DEBUG=1",
				);
				GCC_WARN_64_TO_32_BIT_CONVERSION = YES;
				GCC_WARN_ABOUT_RETURN_TYPE = YES_ERROR;
				GCC_WARN_UNDECLARED_SELECTOR = YES;
				GCC_WARN_UNINITIALIZED_AUTOS = YES_AGGRESSIVE;
				GCC_WARN_UNUSED_FUNCTION = YES;
				GCC_WARN_UNUSED_VARIABLE = YES;
				IPHONEOS_DEPLOYMENT_TARGET = 17.0;
				MTL_ENABLE_DEBUG_INFO = INCLUDE_SOURCE;
				MTL_FAST_MATH = YES;
				ONLY_ACTIVE_ARCH = YES;
				PRODUCT_NAME = "$(TARGET_NAME)";
				SDKROOT = iphoneos;
				SWIFT_ACTIVE_COMPILATION_CONDITIONS = DEBUG;
				SWIFT_OPTIMIZATION_LEVEL = "-Onone";
				SWIFT_STRICT_CONCURRENCY = minimal;
				SWIFT_VERSION = 5.0;
				TARGETED_DEVICE_FAMILY = 1;
			};
			name = Debug;
		};
		736A08A807A094B8DFA68E39 /* Release */ = {
			isa = XCBuildConfiguration;
			buildSettings = {
				ASSETCATALOG_COMPILER_APPICON_NAME = AppIcon;
				ASSETCATALOG_COMPILER_GLOBAL_ACCENT_COLOR_NAME = AccentColor;
				CODE_SIGN_IDENTITY = "iPhone Developer";
				INFOPLIST_FILE = AIInfraLab/Info.plist;
				LD_RUNPATH_SEARCH_PATHS = (
					"$(inherited)",
					"@executable_path/Frameworks",
				);
				PRODUCT_BUNDLE_IDENTIFIER = com.ailab.ios;
				SDKROOT = iphoneos;
				TARGETED_DEVICE_FAMILY = "1,2";
			};
			name = Release;
		};
		B818931EC6394EED1FD31E77 /* Release */ = {
			isa = XCBuildConfiguration;
			buildSettings = {
				ALWAYS_SEARCH_USER_PATHS = NO;
				CLANG_ANALYZER_NONNULL = YES;
				CLANG_ANALYZER_NUMBER_OBJECT_CONVERSION = YES_AGGRESSIVE;
				CLANG_CXX_LANGUAGE_STANDARD = "gnu++14";
				CLANG_CXX_LIBRARY = "libc++";
				CLANG_ENABLE_MODULES = YES;
				CLANG_ENABLE_OBJC_ARC = YES;
				CLANG_ENABLE_OBJC_WEAK = YES;
				CLANG_WARN_BLOCK_CAPTURE_AUTORELEASING = YES;
				CLANG_WARN_BOOL_CONVERSION = YES;
				CLANG_WARN_COMMA = YES;
				CLANG_WARN_CONSTANT_CONVERSION = YES;
				CLANG_WARN_DEPRECATED_OBJC_IMPLEMENTATIONS = YES;
				CLANG_WARN_DIRECT_OBJC_ISA_USAGE = YES_ERROR;
				CLANG_WARN_DOCUMENTATION_COMMENTS = YES;
				CLANG_WARN_EMPTY_BODY = YES;
				CLANG_WARN_ENUM_CONVERSION = YES;
				CLANG_WARN_INFINITE_RECURSION = YES;
				CLANG_WARN_INT_CONVERSION = YES;
				CLANG_WARN_NON_LITERAL_NULL_CONVERSION = YES;
				CLANG_WARN_OBJC_IMPLICIT_RETAIN_SELF = YES;
				CLANG_WARN_OBJC_LITERAL_CONVERSION = YES;
				CLANG_WARN_OBJC_ROOT_CLASS = YES_ERROR;
				CLANG_WARN_QUOTED_INCLUDE_IN_FRAMEWORK_HEADER = YES;
				CLANG_WARN_RANGE_LOOP_ANALYSIS = YES;
				CLANG_WARN_STRICT_PROTOTYPES = YES;
				CLANG_WARN_SUSPICIOUS_MOVE = YES;
				CLANG_WARN_UNGUARDED_AVAILABILITY = YES_AGGRESSIVE;
				CLANG_WARN_UNREACHABLE_CODE = YES;
				CLANG_WARN__DUPLICATE_METHOD_MATCH = YES;
				CODE_SIGN_STYLE = Automatic;
				COPY_PHASE_STRIP = NO;
				DEBUG_INFORMATION_FORMAT = "dwarf-with-dsym";
				DEVELOPMENT_TEAM = 28QRY8BHYD;
				ENABLE_NS_ASSERTIONS = NO;
				ENABLE_STRICT_OBJC_MSGSEND = YES;
				ENABLE_USER_SCRIPT_SANDBOXING = YES;
				GCC_C_LANGUAGE_STANDARD = gnu11;
				GCC_NO_COMMON_BLOCKS = YES;
				GCC_WARN_64_TO_32_BIT_CONVERSION = YES;
				GCC_WARN_ABOUT_RETURN_TYPE = YES_ERROR;
				GCC_WARN_UNDECLARED_SELECTOR = YES;
				GCC_WARN_UNINITIALIZED_AUTOS = YES_AGGRESSIVE;
				GCC_WARN_UNUSED_FUNCTION = YES;
				GCC_WARN_UNUSED_VARIABLE = YES;
				IPHONEOS_DEPLOYMENT_TARGET = 17.0;
				MTL_ENABLE_DEBUG_INFO = NO;
				MTL_FAST_MATH = YES;
				PRODUCT_NAME = "$(TARGET_NAME)";
				SDKROOT = iphoneos;
				SWIFT_COMPILATION_MODE = wholemodule;
				SWIFT_OPTIMIZATION_LEVEL = "-O";
				SWIFT_STRICT_CONCURRENCY = minimal;
				SWIFT_VERSION = 5.0;
				TARGETED_DEVICE_FAMILY = 1;
			};
			name = Release;
		};
/* End XCBuildConfiguration section */

/* Begin XCConfigurationList section */
		10FE7EF9928D4A7EB3227238 /* Build configuration list for PBXProject "AIInfraLab" */ = {
			isa = XCConfigurationList;
			buildConfigurations = (
				5ADABFD95F9696C8858DEE66 /* Debug */,
				B818931EC6394EED1FD31E77 /* Release */,
			);
			defaultConfigurationIsVisible = 0;
			defaultConfigurationName = Debug;
		};
		9412A43E60AF3A15F9A21AEA /* Build configuration list for PBXNativeTarget "AIInfraLab" */ = {
			isa = XCConfigurationList;
			buildConfigurations = (
				4D25830A5245032CEC235DC3 /* Debug */,
				736A08A807A094B8DFA68E39 /* Release */,
			);
			defaultConfigurationIsVisible = 0;
			defaultConfigurationName = Debug;
		};
/* End XCConfigurationList section */
	};
	rootObject = 0026A2A48EF6606943BAE74C /* Project object */;
}
